// !$*UTF8*$!
{
	archiveVersion = 1;
	classes = {
	};
	objectVersion = 46;
	objects = {

/* Begin PBXBuildFile section */
		BD2A5CEB1EF921BD006CCD8B /* main.m in Sources */ = {isa = PBXBuildFile; fileRef = BD2A5CEA1EF921BD006CCD8B /* main.m */; };
		BD2A5CF41EF921BD006CCD8B /* Main.storyboard in Resources */ = {isa = PBXBuildFile; fileRef = BD2A5CF21EF921BD006CCD8B /* Main.storyboard */; };
		BD2A5CF61EF921BD006CCD8B /* Assets.xcassets in Resources */ = {isa = PBXBuildFile; fileRef = BD2A5CF51EF921BD006CCD8B /* Assets.xcassets */; };
		BD2A5CF91EF921BD006CCD8B /* LaunchScreen.storyboard in Resources */ = {isa = PBXBuildFile; fileRef = BD2A5CF71EF921BD006CCD8B /* LaunchScreen.storyboard */; };
		BD2A5D041EF921BD006CCD8B /* ZGRSAEncryptorTests.m in Sources */ = {isa = PBXBuildFile; fileRef = BD2A5D031EF921BD006CCD8B /* ZGRSAEncryptorTests.m */; };
		BD2A5D0F1EF921BD006CCD8B /* ZGRSAEncryptorUITests.m in Sources */ = {isa = PBXBuildFile; fileRef = BD2A5D0E1EF921BD006CCD8B /* ZGRSAEncryptorUITests.m */; };
		BD2A5D1E1EF921CE006CCD8B /* test.m in Sources */ = {isa = PBXBuildFile; fileRef = BD2A5D1D1EF921CE006CCD8B /* test.m */; };
/* End PBXBuildFile section */

/* Begin PBXContainerItemProxy section */
		BD2A5D001EF921BD006CCD8B /* PBXContainerItemProxy */ = {
			isa = PBXContainerItemProxy;
			containerPortal = BD2A5CDE1EF921BD006CCD8B /* Project object */;
			proxyType = 1;
			remoteGlobalIDString = BD2A5CE51EF921BD006CCD8B;
			remoteInfo = ZGRSAEncryptor;
		};
		BD2A5D0B1EF921BD006CCD8B /* PBXContainerItemProxy */ = {
			isa = PBXContainerItemProxy;
			containerPortal = BD2A5CDE1EF921BD006CCD8B /* Project object */;
			proxyType = 1;
			remoteGlobalIDString = BD2A5CE51EF921BD006CCD8B;
			remoteInfo = ZGRSAEncryptor;
		};
/* End PBXContainerItemProxy section */

/* Begin PBXFileReference section */
		BD2A5CE61EF921BD006CCD8B /* ZGRSAEncryptor.app */ = {isa = PBXFileReference; explicitFileType = wrapper.application; includeInIndex = 0; path = ZGRSAEncryptor.app; sourceTree = BUILT_PRODUCTS_DIR; };
		BD2A5CEA1EF921BD006CCD8B /* main.m */ = {isa = PBXFileReference; lastKnownFileType = sourcecode.c.objc; path = main.m; sourceTree = "<group>"; };
		BD2A5CF31EF921BD006CCD8B /* Base */ = {isa = PBXFileReference; lastKnownFileType = file.storyboard; name = Base; path = Base.lproj/Main.storyboard; sourceTree = "<group>"; };
		BD2A5CF51EF921BD006CCD8B /* Assets.xcassets */ = {isa = PBXFileReference; lastKnownFileType = folder.assetcatalog; path = Assets.xcassets; sourceTree = "<group>"; };
		BD2A5CF81EF921BD006CCD8B /* Base */ = {isa = PBXFileReference; lastKnownFileType = file.storyboard; name = Base; path = Base.lproj/LaunchScreen.storyboard; sourceTree = "<group>"; };
		BD2A5CFA1EF921BD006CCD8B /* Info.plist */ = {isa = PBXFileReference; lastKnownFileType = text.plist.xml; path = Info.plist; sourceTree = "<group>"; };
		BD2A5CFF1EF921BD006CCD8B /* ZGRSAEncryptorTests.xctest */ = {isa = PBXFileReference; explicitFileType = wrapper.cfbundle; includeInIndex = 0; path = ZGRSAEncryptorTests.xctest; sourceTree = BUILT_PRODUCTS_DIR; };
		BD2A5D031EF921BD006CCD8B /* ZGRSAEncryptorTests.m */ = {isa = PBXFileReference; lastKnownFileType = sourcecode.c.objc; path = ZGRSAEncryptorTests.m; sourceTree = "<group>"; };
		BD2A5D051EF921BD006CCD8B /* Info.plist */ = {isa = PBXFileReference; lastKnownFileType = text.plist.xml; path = Info.plist; sourceTree = "<group>"; };
		BD2A5D0A1EF921BD006CCD8B /* ZGRSAEncryptorUITests.xctest */ = {isa = PBXFileReference; explicitFileType = wrapper.cfbundle; includeInIndex = 0; path = ZGRSAEncryptorUITests.xctest; sourceTree = BUILT_PRODUCTS_DIR; };
		BD2A5D0E1EF921BD006CCD8B /* ZGRSAEncryptorUITests.m */ = {isa = PBXFileReference; lastKnownFileType = sourcecode.c.objc; path = ZGRSAEncryptorUITests.m; sourceTree = "<group>"; };
		BD2A5D101EF921BD006CCD8B /* Info.plist */ = {isa = PBXFileReference; lastKnownFileType = text.plist.xml; path = Info.plist; sourceTree = "<group>"; };
		BD2A5D1C1EF921CE006CCD8B /* test.h */ = {isa = PBXFileReference; fileEncoding = 4; lastKnownFileType = sourcecode.c.h; path = test.h; sourceTree = "<group>"; };
		BD2A5D1D1EF921CE006CCD8B /* test.m */ = {isa = PBXFileReference; fileEncoding = 4; lastKnownFileType = sourcecode.c.objc; path = test.m; sourceTree = "<group>"; };
/* End PBXFileReference section */

/* Begin PBXFrameworksBuildPhase section */
		BD2A5CE31EF921BD006CCD8B /* Frameworks */ = {
			isa = PBXFrameworksBuildPhase;
			buildActionMask = 2147483647;
			files = (
			);
			runOnlyForDeploymentPostprocessing = 0;
		};
		BD2A5CFC1EF921BD006CCD8B /* Frameworks */ = {
			isa = PBXFrameworksBuildPhase;
			buildActionMask = 2147483647;
			files = (
			);
			runOnlyForDeploymentPostprocessing = 0;
		};
		BD2A5D071EF921BD006CCD8B /* Frameworks */ = {
			isa = PBXFrameworksBuildPhase;
			buildActionMask = 2147483647;
			files = (
			);
			runOnlyForDeploymentPostprocessing = 0;
		};
/* End PBXFrameworksBuildPhase section */

/* Begin PBXGroup section */
		BD2A5CDD1EF921BD006CCD8B = {
			isa = PBXGroup;
			children = (
				BD2A5CE81EF921BD006CCD8B /* ZGRSAEncryptor */,
				BD2A5D021EF921BD006CCD8B /* ZGRSAEncryptorTests */,
				BD2A5D0D1EF921BD006CCD8B /* ZGRSAEncryptorUITests */,
				BD2A5CE71EF921BD006CCD8B /* Products */,
			);
			sourceTree = "<group>";
		};
		BD2A5CE71EF921BD006CCD8B /* Products */ = {
			isa = PBXGroup;
			children = (
				BD2A5CE61EF921BD006CCD8B /* ZGRSAEncryptor.app */,
				BD2A5CFF1EF921BD006CCD8B /* ZGRSAEncryptorTests.xctest */,
				BD2A5D0A1EF921BD006CCD8B /* ZGRSAEncryptorUITests.xctest */,
			);
			name = Products;
			sourceTree = "<group>";
		};
		BD2A5CE81EF921BD006CCD8B /* ZGRSAEncryptor */ = {
			isa = PBXGroup;
			children = (
				BD2A5CF21EF921BD006CCD8B /* Main.storyboard */,
				BD2A5CF51EF921BD006CCD8B /* Assets.xcassets */,
				BD2A5CF71EF921BD006CCD8B /* LaunchScreen.storyboard */,
				BD2A5CFA1EF921BD006CCD8B /* Info.plist */,
				BD2A5CE91EF921BD006CCD8B /* Supporting Files */,
				BD2A5D1C1EF921CE006CCD8B /* test.h */,
				BD2A5D1D1EF921CE006CCD8B /* test.m */,
			);
			path = ZGRSAEncryptor;
			sourceTree = "<group>";
		};
		BD2A5CE91EF921BD006CCD8B /* Supporting Files */ = {
			isa = PBXGroup;
			children = (
				BD2A5CEA1EF921BD006CCD8B /* main.m */,
			);
			name = "Supporting Files";
			sourceTree = "<group>";
		};
		BD2A5D021EF921BD006CCD8B /* ZGRSAEncryptorTests */ = {
			isa = PBXGroup;
			children = (
				BD2A5D031EF921BD006CCD8B /* ZGRSAEncryptorTests.m */,
				BD2A5D051EF921BD006CCD8B /* Info.plist */,
			);
			path = ZGRSAEncryptorTests;
			sourceTree = "<group>";
		};
		BD2A5D0D1EF921BD006CCD8B /* ZGRSAEncryptorUITests */ = {
			isa = PBXGroup;
			children = (
				BD2A5D0E1EF921BD006CCD8B /* ZGRSAEncryptorUITests.m */,
				BD2A5D101EF921BD006CCD8B /* Info.plist */,
			);
			path = ZGRSAEncryptorUITests;
			sourceTree = "<group>";
		};
/* End PBXGroup section */

/* Begin PBXNativeTarget section */
		BD2A5CE51EF921BD006CCD8B /* ZGRSAEncryptor */ = {
			isa = PBXNativeTarget;
			buildConfigurationList = BD2A5D131EF921BD006CCD8B /* Build configuration list for PBXNativeTarget "ZGRSAEncryptor" */;
			buildPhases = (
				BD2A5CE21EF921BD006CCD8B /* Sources */,
				BD2A5CE31EF921BD006CCD8B /* Frameworks */,
				BD2A5CE41EF921BD006CCD8B /* Resources */,
			);
			buildRules = (
			);
			dependencies = (
			);
			name = ZGRSAEncryptor;
			productName = ZGRSAEncryptor;
			productReference = BD2A5CE61EF921BD006CCD8B /* ZGRSAEncryptor.app */;
			productType = "com.apple.product-type.application";
		};
		BD2A5CFE1EF921BD006CCD8B /* ZGRSAEncryptorTests */ = {
			isa = PBXNativeTarget;
			buildConfigurationList = BD2A5D161EF921BD006CCD8B /* Build configuration list for PBXNativeTarget "ZGRSAEncryptorTests" */;
			buildPhases = (
				BD2A5CFB1EF921BD006CCD8B /* Sources */,
				BD2A5CFC1EF921BD006CCD8B /* Frameworks */,
				BD2A5CFD1EF921BD006CCD8B /* Resources */,
			);
			buildRules = (
			);
			dependencies = (
				BD2A5D011EF921BD006CCD8B /* PBXTargetDependency */,
			);
			name = ZGRSAEncryptorTests;
			productName = ZGRSAEncryptorTests;
			productReference = BD2A5CFF1EF921BD006CCD8B /* ZGRSAEncryptorTests.xctest */;
			productType = "com.apple.product-type.bundle.unit-test";
		};
		BD2A5D091EF921BD006CCD8B /* ZGRSAEncryptorUITests */ = {
			isa = PBXNativeTarget;
			buildConfigurationList = BD2A5D191EF921BD006CCD8B /* Build configuration list for PBXNativeTarget "ZGRSAEncryptorUITests" */;
			buildPhases = (
				BD2A5D061EF921BD006CCD8B /* Sources */,
				BD2A5D071EF921BD006CCD8B /* Frameworks */,
				BD2A5D081EF921BD006CCD8B /* Resources */,
			);
			buildRules = (
			);
			dependencies = (
				BD2A5D0C1EF921BD006CCD8B /* PBXTargetDependency */,
			);
			name = ZGRSAEncryptorUITests;
			productName = ZGRSAEncryptorUITests;
			productReference = BD2A5D0A1EF921BD006CCD8B /* ZGRSAEncryptorUITests.xctest */;
			productType = "com.apple.product-type.bundle.ui-testing";
		};
/* End PBXNativeTarget section */

/* Begin PBXProject section */
		BD2A5CDE1EF921BD006CCD8B /* Project object */ = {
			isa = PBXProject;
			attributes = {
				LastUpgradeCheck = 0800;
				ORGANIZATIONNAME = xinhao;
				TargetAttributes = {
					BD2A5CE51EF921BD006CCD8B = {
						CreatedOnToolsVersion = 8.0;
						DevelopmentTeam = BSGYLY83PB;
						ProvisioningStyle = Automatic;
					};
					BD2A5CFE1EF921BD006CCD8B = {
						CreatedOnToolsVersion = 8.0;
						DevelopmentTeam = BSGYLY83PB;
						ProvisioningStyle = Automatic;
						TestTargetID = BD2A5CE51EF921BD006CCD8B;
					};
					BD2A5D091EF921BD006CCD8B = {
						CreatedOnToolsVersion = 8.0;
						DevelopmentTeam = BSGYLY83PB;
						ProvisioningStyle = Automatic;
						TestTargetID = BD2A5CE51EF921BD006CCD8B;
					};
				};
			};
			buildConfigurationList = BD2A5CE11EF921BD006CCD8B /* Build configuration list for PBXProject "ZGRSAEncryptor" */;
			compatibilityVersion = "Xcode 3.2";
			developmentRegion = English;
			hasScannedForEncodings = 0;
			knownRegions = (
				en,
				Base,
			);
			mainGroup = BD2A5CDD1EF921BD006CCD8B;
			productRefGroup = BD2A5CE71EF921BD006CCD8B /* Products */;
			projectDirPath = "";
			projectRoot = "";
			targets = (
				BD2A5CE51EF921BD006CCD8B /* ZGRSAEncryptor */,
				BD2A5CFE1EF921BD006CCD8B /* ZGRSAEncryptorTests */,
				BD2A5D091EF921BD006CCD8B /* ZGRSAEncryptorUITests */,
			);
		};
/* End PBXProject section */

/* Begin PBXResourcesBuildPhase section */
		BD2A5CE41EF921BD006CCD8B /* Resources */ = {
			isa = PBXResourcesBuildPhase;
			buildActionMask = 2147483647;
			files = (
				BD2A5CF91EF921BD006CCD8B /* LaunchScreen.storyboard in Resources */,
				BD2A5CF61EF921BD006CCD8B /* Assets.xcassets in Resources */,
				BD2A5CF41EF921BD006CCD8B /* Main.storyboard in Resources */,
			);
			runOnlyForDeploymentPostprocessing = 0;
		};
		BD2A5CFD1EF921BD006CCD8B /* Resources */ = {
			isa = PBXResourcesBuildPhase;
			buildActionMask = 2147483647;
			files = (
			);
			runOnlyForDeploymentPostprocessing = 0;
		};
		BD2A5D081EF921BD006CCD8B /* Resources */ = {
			isa = PBXResourcesBuildPhase;
			buildActionMask = 2147483647;
			files = (
			);
			runOnlyForDeploymentPostprocessing = 0;
		};
/* End PBXResourcesBuildPhase section */

/* Begin PBXSourcesBuildPhase section */
		BD2A5CE21EF921BD006CCD8B /* Sources */ = {
			isa = PBXSourcesBuildPhase;
			buildActionMask = 2147483647;
			files = (
				BD2A5CEB1EF921BD006CCD8B /* main.m in Sources */,
				BD2A5D1E1EF921CE006CCD8B /* test.m in Sources */,
			);
			runOnlyForDeploymentPostprocessing = 0;
		};
		BD2A5CFB1EF921BD006CCD8B /* Sources */ = {
			isa = PBXSourcesBuildPhase;
			buildActionMask = 2147483647;
			files = (
				BD2A5D041EF921BD006CCD8B /* ZGRSAEncryptorTests.m in Sources */,
			);
			runOnlyForDeploymentPostprocessing = 0;
		};
		BD2A5D061EF921BD006CCD8B /* Sources */ = {
			isa = PBXSourcesBuildPhase;
			buildActionMask = 2147483647;
			files = (
				BD2A5D0F1EF921BD006CCD8B /* ZGRSAEncryptorUITests.m in Sources */,
			);
			runOnlyForDeploymentPostprocessing = 0;
		};
/* End PBXSourcesBuildPhase section */

/* Begin PBXTargetDependency section */
		BD2A5D011EF921BD006CCD8B /* PBXTargetDependency */ = {
			isa = PBXTargetDependency;
			target = BD2A5CE51EF921BD006CCD8B /* ZGRSAEncryptor */;
			targetProxy = BD2A5D001EF921BD006CCD8B /* PBXContainerItemProxy */;
		};
		BD2A5D0C1EF921BD006CCD8B /* PBXTargetDependency */ = {
			isa = PBXTargetDependency;
			target = BD2A5CE51EF921BD006CCD8B /* ZGRSAEncryptor */;
			targetProxy = BD2A5D0B1EF921BD006CCD8B /* PBXContainerItemProxy */;
		};
/* End PBXTargetDependency section */

/* Begin PBXVariantGroup section */
		BD2A5CF21EF921BD006CCD8B /* Main.storyboard */ = {
			isa = PBXVariantGroup;
			children = (
				BD2A5CF31EF921BD006CCD8B /* Base */,
			);
			name = Main.storyboard;
			sourceTree = "<group>";
		};
		BD2A5CF71EF921BD006CCD8B /* LaunchScreen.storyboard */ = {
			isa = PBXVariantGroup;
			children = (
				BD2A5CF81EF921BD006CCD8B /* Base */,
			);
			name = LaunchScreen.storyboard;
			sourceTree = "<group>";
		};
/* End PBXVariantGroup section */

/* Begin XCBuildConfiguration section */
		BD2A5D111EF921BD006CCD8B /* Debug */ = {
			isa = XCBuildConfiguration;
			buildSettings = {
				ALWAYS_SEARCH_USER_PATHS = NO;
				CLANG_ANALYZER_NONNULL = YES;
				CLANG_CXX_LANGUAGE_STANDARD = "gnu++0x";
				CLANG_CXX_LIBRARY = "libc++";
				CLANG_ENABLE_MODULES = YES;
				CLANG_ENABLE_OBJC_ARC = YES;
				CLANG_WARN_BOOL_CONVERSION = YES;
				CLANG_WARN_CONSTANT_CONVERSION = YES;
				CLANG_WARN_DIRECT_OBJC_ISA_USAGE = YES_ERROR;
				CLANG_WARN_DOCUMENTATION_COMMENTS = YES;
				CLANG_WARN_EMPTY_BODY = YES;
				CLANG_WARN_ENUM_CONVERSION = YES;
				CLANG_WARN_INFINITE_RECURSION = YES;
				CLANG_WARN_INT_CONVERSION = YES;
				CLANG_WARN_OBJC_ROOT_CLASS = YES_ERROR;
				CLANG_WARN_SUSPICIOUS_MOVES = YES;
				CLANG_WARN_UNREACHABLE_CODE = YES;
				CLANG_WARN__DUPLICATE_METHOD_MATCH = YES;
				"CODE_SIGN_IDENTITY[sdk=iphoneos*]" = "iPhone Developer";
				COPY_PHASE_STRIP = NO;
				DEBUG_INFORMATION_FORMAT = dwarf;
				ENABLE_STRICT_OBJC_MSGSEND = YES;
				ENABLE_TESTABILITY = YES;
				GCC_C_LANGUAGE_STANDARD = gnu99;
				GCC_DYNAMIC_NO_PIC = NO;
				GCC_NO_COMMON_BLOCKS = YES;
				GCC_OPTIMIZATION_LEVEL = 0;
				GCC_PREPROCESSOR_DEFINITIONS = (
					"DEBUG=1",
					"$(inherited)",
				);
				GCC_WARN_64_TO_32_BIT_CONVERSION = YES;
				GCC_WARN_ABOUT_RETURN_TYPE = YES_ERROR;
				GCC_WARN_UNDECLARED_SELECTOR = YES;
				GCC_WARN_UNINITIALIZED_AUTOS = YES_AGGRESSIVE;
				GCC_WARN_UNUSED_FUNCTION = YES;
				GCC_WARN_UNUSED_VARIABLE = YES;
				IPHONEOS_DEPLOYMENT_TARGET = 10.0;
				MTL_ENABLE_DEBUG_INFO = YES;
				ONLY_ACTIVE_ARCH = YES;
				SDKROOT = iphoneos;
			};
			name = Debug;
		};
		BD2A5D121EF921BD006CCD8B /* Release */ = {
			isa = XCBuildConfiguration;
			buildSettings = {
				ALWAYS_SEARCH_USER_PATHS = NO;
				CLANG_ANALYZER_NONNULL = YES;
				CLANG_CXX_LANGUAGE_STANDARD = "gnu++0x";
				CLANG_CXX_LIBRARY = "libc++";
				CLANG_ENABLE_MODULES = YES;
				CLANG_ENABLE_OBJC_ARC = YES;
				CLANG_WARN_BOOL_CONVERSION = YES;
				CLANG_WARN_CONSTANT_CONVERSION = YES;
				CLANG_WARN_DIRECT_OBJC_ISA_USAGE = YES_ERROR;
				CLANG_WARN_DOCUMENTATION_COMMENTS = YES;
				CLANG_WARN_EMPTY_BODY = YES;
				CLANG_WARN_ENUM_CONVERSION = YES;
				CLANG_WARN_INFINITE_RECURSION = YES;
				CLANG_WARN_INT_CONVERSION = YES;
				CLANG_WARN_OBJC_ROOT_CLASS = YES_ERROR;
				CLANG_WARN_SUSPICIOUS_MOVES = YES;
				CLANG_WARN_UNREACHABLE_CODE = YES;
				CLANG_WARN__DUPLICATE_METHOD_MATCH = YES;
				"CODE_SIGN_IDENTITY[sdk=iphoneos*]" = "iPhone Developer";
				COPY_PHASE_STRIP = NO;
				DEBUG_INFORMATION_FORMAT = "dwarf-with-dsym";
				ENABLE_NS_ASSERTIONS = NO;
				ENABLE_STRICT_OBJC_MSGSEND = YES;
				GCC_C_LANGUAGE_STANDARD = gnu99;
				GCC_NO_COMMON_BLOCKS = YES;
				GCC_WARN_64_TO_32_BIT_CONVERSION = YES;
				GCC_WARN_ABOUT_RETURN_TYPE = YES_ERROR;
				GCC_WARN_UNDECLARED_SELECTOR = YES;
				GCC_WARN_UNINITIALIZED_AUTOS = YES_AGGRESSIVE;
				GCC_WARN_UNUSED_FUNCTION = YES;
				GCC_WARN_UNUSED_VARIABLE = YES;
				IPHONEOS_DEPLOYMENT_TARGET = 10.0;
				MTL_ENABLE_DEBUG_INFO = NO;
				SDKROOT = iphoneos;
				VALIDATE_PRODUCT = YES;
			};
			name = Release;
		};
		BD2A5D141EF921BD006CCD8B /* Debug */ = {
			isa = XCBuildConfiguration;
			buildSettings = {
				ASSETCATALOG_COMPILER_APPICON_NAME = AppIcon;
				DEVELOPMENT_TEAM = BSGYLY83PB;
				INFOPLIST_FILE = ZGRSAEncryptor/Info.plist;
				LD_RUNPATH_SEARCH_PATHS = "$(inherited) @executable_path/Frameworks";
				PRODUCT_BUNDLE_IDENTIFIER = zhongyingshengke.ZGRSAEncryptor;
				PRODUCT_NAME = "$(TARGET_NAME)";
			};
			name = Debug;
		};
		BD2A5D151EF921BD006CCD8B /* Release */ = {
			isa = XCBuildConfiguration;
			buildSettings = {
				ASSETCATALOG_COMPILER_APPICON_NAME = AppIcon;
				DEVELOPMENT_TEAM = BSGYLY83PB;
				INFOPLIST_FILE = ZGRSAEncryptor/Info.plist;
				LD_RUNPATH_SEARCH_PATHS = "$(inherited) @executable_path/Frameworks";
				PRODUCT_BUNDLE_IDENTIFIER = zhongyingshengke.ZGRSAEncryptor;
				PRODUCT_NAME = "$(TARGET_NAME)";
			};
			name = Release;
		};
		BD2A5D171EF921BD006CCD8B /* Debug */ = {
			isa = XCBuildConfiguration;
			buildSettings = {
				BUNDLE_LOADER = "$(TEST_HOST)";
				DEVELOPMENT_TEAM = BSGYLY83PB;
				INFOPLIST_FILE = ZGRSAEncryptorTests/Info.plist;
				LD_RUNPATH_SEARCH_PATHS = "$(inherited) @executable_path/Frameworks @loader_path/Frameworks";
				PRODUCT_BUNDLE_IDENTIFIER = zhongyingshengke.ZGRSAEncryptorTests;
				PRODUCT_NAME = "$(TARGET_NAME)";
				TEST_HOST = "$(BUILT_PRODUCTS_DIR)/ZGRSAEncryptor.app/ZGRSAEncryptor";
			};
			name = Debug;
		};
		BD2A5D181EF921BD006CCD8B /* Release */ = {
			isa = XCBuildConfiguration;
			buildSettings = {
				BUNDLE_LOADER = "$(TEST_HOST)";
				DEVELOPMENT_TEAM = BSGYLY83PB;
				INFOPLIST_FILE = ZGRSAEncryptorTests/Info.plist;
				LD_RUNPATH_SEARCH_PATHS = "$(inherited) @executable_path/Frameworks @loader_path/Frameworks";
				PRODUCT_BUNDLE_IDENTIFIER = zhongyingshengke.ZGRSAEncryptorTests;
				PRODUCT_NAME = "$(TARGET_NAME)";
				TEST_HOST = "$(BUILT_PRODUCTS_DIR)/ZGRSAEncryptor.app/ZGRSAEncryptor";
			};
			name = Release;
		};
		BD2A5D1A1EF921BD006CCD8B /* Debug */ = {
			isa = XCBuildConfiguration;
			buildSettings = {
				DEVELOPMENT_TEAM = BSGYLY83PB;
				INFOPLIST_FILE = ZGRSAEncryptorUITests/Info.plist;
				LD_RUNPATH_SEARCH_PATHS = "$(inherited) @executable_path/Frameworks @loader_path/Frameworks";
				PRODUCT_BUNDLE_IDENTIFIER = zhongyingshengke.ZGRSAEncryptorUITests;
				PRODUCT_NAME = "$(TARGET_NAME)";
				TEST_TARGET_NAME = ZGRSAEncryptor;
			};
			name = Debug;
		};
		BD2A5D1B1EF921BD006CCD8B /* Release */ = {
			isa = XCBuildConfiguration;
			buildSettings = {
				DEVELOPMENT_TEAM = BSGYLY83PB;
				INFOPLIST_FILE = ZGRSAEncryptorUITests/Info.plist;
				LD_RUNPATH_SEARCH_PATHS = "$(inherited) @executable_path/Frameworks @loader_path/Frameworks";
				PRODUCT_BUNDLE_IDENTIFIER = zhongyingshengke.ZGRSAEncryptorUITests;
				PRODUCT_NAME = "$(TARGET_NAME)";
				TEST_TARGET_NAME = ZGRSAEncryptor;
			};
			name = Release;
		};
/* End XCBuildConfiguration section */

/* Begin XCConfigurationList section */
		BD2A5CE11EF921BD006CCD8B /* Build configuration list for PBXProject "ZGRSAEncryptor" */ = {
			isa = XCConfigurationList;
			buildConfigurations = (
				BD2A5D111EF921BD006CCD8B /* Debug */,
				BD2A5D121EF921BD006CCD8B /* Release */,
			);
			defaultConfigurationIsVisible = 0;
			defaultConfigurationName = Release;
		};
		BD2A5D131EF921BD006CCD8B /* Build configuration list for PBXNativeTarget "ZGRSAEncryptor" */ = {
			isa = XCConfigurationList;
			buildConfigurations = (
				BD2A5D141EF921BD006CCD8B /* Debug */,
				BD2A5D151EF921BD006CCD8B /* Release */,
			);
			defaultConfigurationIsVisible = 0;
		};
		BD2A5D161EF921BD006CCD8B /* Build configuration list for PBXNativeTarget "ZGRSAEncryptorTests" */ = {
			isa = XCConfigurationList;
			buildConfigurations = (
				BD2A5D171EF921BD006CCD8B /* Debug */,
				BD2A5D181EF921BD006CCD8B /* Release */,
			);
			defaultConfigurationIsVisible = 0;
		};
		BD2A5D191EF921BD006CCD8B /* Build configuration list for PBXNativeTarget "ZGRSAEncryptorUITests" */ = {
			isa = XCConfigurationList;
			buildConfigurations = (
				BD2A5D1A1EF921BD006CCD8B /* Debug */,
				BD2A5D1B1EF921BD006CCD8B /* Release */,
			);
			defaultConfigurationIsVisible = 0;
		};
/* End XCConfigurationList section */
	};
	rootObject = BD2A5CDE1EF921BD006CCD8B /* Project object */;
}
